
Microsoft Visual Studio Solution File, Format Version 12.00
# Visual Studio Version 17
VisualStudioVersion = 17.14.36414.22 d17.14
MinimumVisualStudioVersion = 10.0.40219.1
Project("{FAE04EC0-301F-11D3-BF4B-00C04F79EFBC}") = "DevTrack", "DevTrack\DevTrack.csproj", "{7CE8BAC8-EB37-44C6-9EC2-5F4B5034841D}"
EndProject
Global
	GlobalSection(SolutionConfigurationPlatforms) = preSolution
		Debug|Any CPU = Debug|Any CPU
		Release|Any CPU = Release|Any CPU
	EndGlobalSection
	GlobalSection(ProjectConfigurationPlatforms) = postSolution
		{7CE8BAC8-EB37-44C6-9EC2-5F4B5034841D}.Debug|Any CPU.ActiveCfg = Debug|Any CPU
		{7CE8BAC8-EB37-44C6-9EC2-5F4B5034841D}.Debug|Any CPU.Build.0 = Debug|Any CPU
		{7CE8BAC8-EB37-44C6-9EC2-5F4B5034841D}.Release|Any CPU.ActiveCfg = Release|Any CPU
		{7CE8BAC8-EB37-44C6-9EC2-5F4B5034841D}.Release|Any CPU.Build.0 = Release|Any CPU
	EndGlobalSection
	GlobalSection(SolutionProperties) = preSolution
		HideSolutionNode = FALSE
	EndGlobalSection
	GlobalSection(ExtensibilityGlobals) = postSolution
		SolutionGuid = {A0768E8D-74E4-4621-BDBD-330DFC6C0A02}
	EndGlobalSection
EndGlobal
